
Microsoft Visual Studio Solution File, Format Version 12.00
Project("{FAE04EC0-301F-11D3-BF4B-00C04F79EFBC}") = "Axwabo.Helpers", "Axwabo.Helpers\Axwabo.Helpers.csproj", "{872E0494-FD3E-44FE-A8E3-AD49569A1DE3}"
EndProject
Global
	GlobalSection(SolutionConfigurationPlatforms) = preSolution
		LabApi|Any CPU = LabApi|Any CPU
	EndGlobalSection
	GlobalSection(ProjectConfigurationPlatforms) = postSolution
		{872E0494-FD3E-44FE-A8E3-AD49569A1DE3}.LabApi|Any CPU.ActiveCfg = LabApi|Any CPU
		{872E0494-FD3E-44FE-A8E3-AD49569A1DE3}.LabApi|Any CPU.Build.0 = LabApi|Any CPU
	EndGlobalSection
EndGlobal
