
Microsoft Visual Studio Solution File, Format Version 12.00
Project("{FAE04EC0-301F-11D3-BF4B-00C04F79EFBC}") = "Axwabo.Helpers", "Axwabo.Helpers\Axwabo.Helpers.csproj", "{872E0494-FD3E-44FE-A8E3-AD49569A1DE3}"
EndProject
Project("{FAE04EC0-301F-11D3-BF4B-00C04F79EFBC}") = "Axwabo.Helpers.NWAPI", "Axwabo.Helpers.NWAPI\Axwabo.Helpers.NWAPI.csproj", "{DDA40975-59C4-4038-B04F-570A5519A773}"
EndProject
Global
	GlobalSection(SolutionConfigurationPlatforms) = preSolution
		LabAPI|Any CPU = LabAPI|Any CPU
		NWAPI|Any CPU = NWAPI|Any CPU
	EndGlobalSection
	GlobalSection(ProjectConfigurationPlatforms) = postSolution
		{872E0494-FD3E-44FE-A8E3-AD49569A1DE3}.LabAPI|Any CPU.ActiveCfg = LabAPI|Any CPU
		{872E0494-FD3E-44FE-A8E3-AD49569A1DE3}.LabAPI|Any CPU.Build.0 = LabAPI|Any CPU
		{872E0494-FD3E-44FE-A8E3-AD49569A1DE3}.NWAPI|Any CPU.ActiveCfg = NWAPI|Any CPU
		{872E0494-FD3E-44FE-A8E3-AD49569A1DE3}.NWAPI|Any CPU.Build.0 = NWAPI|Any CPU
		{DDA40975-59C4-4038-B04F-570A5519A773}.LabAPI|Any CPU.ActiveCfg = LabAPI|Any CPU
		{DDA40975-59C4-4038-B04F-570A5519A773}.LabAPI|Any CPU.Build.0 = LabAPI|Any CPU
		{DDA40975-59C4-4038-B04F-570A5519A773}.NWAPI|Any CPU.ActiveCfg = NWAPI|Any CPU
		{DDA40975-59C4-4038-B04F-570A5519A773}.NWAPI|Any CPU.Build.0 = NWAPI|Any CPU
	EndGlobalSection
EndGlobal
